
Microsoft Visual Studio Solution File, Format Version 12.00
# Visual Studio 15
VisualStudioVersion = 15.0.28010.2050
MinimumVisualStudioVersion = 10.0.40219.1
Project("{FAE04EC0-301F-11D3-BF4B-00C04F79EFBC}") = "CodeSignalJob", "CodeSignalJob\CodeSignalJob.csproj", "{00257B99-9B54-4E06-B09C-1D91C2D17940}"
EndProject
Global
	GlobalSection(SolutionConfigurationPlatforms) = preSolution
		Debug|Any CPU = Debug|Any CPU
		Release|Any CPU = Release|Any CPU
	EndGlobalSection
	GlobalSection(ProjectConfigurationPlatforms) = postSolution
		{00257B99-9B54-4E06-B09C-1D91C2D17940}.Debug|Any CPU.ActiveCfg = Debug|Any CPU
		{00257B99-9B54-4E06-B09C-1D91C2D17940}.Debug|Any CPU.Build.0 = Debug|Any CPU
		{00257B99-9B54-4E06-B09C-1D91C2D17940}.Release|Any CPU.ActiveCfg = Release|Any CPU
		{00257B99-9B54-4E06-B09C-1D91C2D17940}.Release|Any CPU.Build.0 = Release|Any CPU
	EndGlobalSection
	GlobalSection(SolutionProperties) = preSolution
		HideSolutionNode = FALSE
	EndGlobalSection
	GlobalSection(ExtensibilityGlobals) = postSolution
		SolutionGuid = {76660631-9B23-4B51-B118-9D264D4AD709}
	EndGlobalSection
EndGlobal
